
Microsoft Visual Studio Solution File, Format Version 12.00
# Visual Studio 14
VisualStudioVersion = 14.0.25420.1
MinimumVisualStudioVersion = 10.0.40219.1
Project("{FAE04EC0-301F-11D3-BF4B-00C04F79EFBC}") = "Dobachesky_Assn4", "Dobachesky_Assn4\Dobachesky_Assn4.csproj", "{6EC91587-22A8-4B0F-98B3-0252513510BF}"
EndProject
Project("{FAE04EC0-301F-11D3-BF4B-00C04F79EFBC}") = "Dobachesky_Assn4_Console", "Dobachesky_Assn4_Console\Dobachesky_Assn4_Console.csproj", "{315812B9-DFD0-4837-B8CA-2EB7341938E6}"
	ProjectSection(ProjectDependencies) = postProject
		{6EC91587-22A8-4B0F-98B3-0252513510BF} = {6EC91587-22A8-4B0F-98B3-0252513510BF}
	EndProjectSection
EndProject
Global
	GlobalSection(SolutionConfigurationPlatforms) = preSolution
		Debug|Any CPU = Debug|Any CPU
		Release|Any CPU = Release|Any CPU
	EndGlobalSection
	GlobalSection(ProjectConfigurationPlatforms) = postSolution
		{6EC91587-22A8-4B0F-98B3-0252513510BF}.Debug|Any CPU.ActiveCfg = Debug|Any CPU
		{6EC91587-22A8-4B0F-98B3-0252513510BF}.Debug|Any CPU.Build.0 = Debug|Any CPU
		{6EC91587-22A8-4B0F-98B3-0252513510BF}.Release|Any CPU.ActiveCfg = Release|Any CPU
		{6EC91587-22A8-4B0F-98B3-0252513510BF}.Release|Any CPU.Build.0 = Release|Any CPU
		{315812B9-DFD0-4837-B8CA-2EB7341938E6}.Debug|Any CPU.ActiveCfg = Debug|Any CPU
		{315812B9-DFD0-4837-B8CA-2EB7341938E6}.Debug|Any CPU.Build.0 = Debug|Any CPU
		{315812B9-DFD0-4837-B8CA-2EB7341938E6}.Release|Any CPU.ActiveCfg = Release|Any CPU
		{315812B9-DFD0-4837-B8CA-2EB7341938E6}.Release|Any CPU.Build.0 = Release|Any CPU
	EndGlobalSection
	GlobalSection(SolutionProperties) = preSolution
		HideSolutionNode = FALSE
	EndGlobalSection
EndGlobal
